PODS:
  - f_link (0.0.1):
    - FlutterMacOS
  - FlutterMacOS (1.0.0)

DEPENDENCIES:
  - f_link (from `Flutter/ephemeral/.symlinks/plugins/f_link/macos`)
  - FlutterMacOS (from `Flutter/ephemeral`)

EXTERNAL SOURCES:
  f_link:
    :path: Flutter/ephemeral/.symlinks/plugins/f_link/macos
  FlutterMacOS:
    :path: Flutter/ephemeral

SPEC CHECKSUMS:
  f_link: 2b16724a1ea4352a6e298bb428fa82142ac39af9
  FlutterMacOS: ae6af50a8ea7d6103d888583d46bd8328a7e9811

PODFILE CHECKSUM: 6eac6b3292e5142cfc23bdeb71848a40ec51c14c

COCOAPODS: 1.11.3
